# This file was autogenerated by Stack.
# You should not edit this file by hand.
# For more information, please see the documentation at:
#   https://docs.haskellstack.org/en/stable/lock_files

packages:
- completed:
    subdir: plugin
    cabal-file:
      size: 805
      sha256: 22d13a1cbb21fcd17f0f16b1b7ac76294a5327dcfced64fbc056907120a892c3
    name: hlint-source-plugin
    version: 0.1.0.0
    git: https://github.com/ocharles/hlint-source-plugin.git
    pantry-tree:
      size: 267
      sha256: d42c4c6357eb015ac934906fd8a173e565594f3a1de9aaca4fb80b542042e872
    commit: d4cded0a7432dc2d5884b9bedd2c714ce510d3ce
  original:
    subdir: plugin
    git: https://github.com/ocharles/hlint-source-plugin.git
    commit: d4cded0a7432dc2d5884b9bedd2c714ce510d3ce
snapshots:
- completed:
    size: 524799
    url: https://raw.githubusercontent.com/commercialhaskell/stackage-snapshots/master/lts/14/17.yaml
    sha256: 1d72b33c0fc048e23f4f18fd76a6ad79dd1d8a3c054644098a71a09855e40c7c
  original: lts-14.17
